// !$*UTF8*$!
{
	archiveVersion = 1;
	classes = {
	};
	objectVersion = 46;
	objects = {

/* Begin PBXBuildFile section */
		C9F48F9118E4BAD400AB2DC1 /* Foundation.framework in Frameworks */ = {isa = PBXBuildFile; fileRef = C9F48F9018E4BAD400AB2DC1 /* Foundation.framework */; };
		C9F48F9318E4BAD400AB2DC1 /* CoreGraphics.framework in Frameworks */ = {isa = PBXBuildFile; fileRef = C9F48F9218E4BAD400AB2DC1 /* CoreGraphics.framework */; };
		C9F48F9518E4BAD400AB2DC1 /* UIKit.framework in Frameworks */ = {isa = PBXBuildFile; fileRef = C9F48F9418E4BAD400AB2DC1 /* UIKit.framework */; };
		C9F48F9B18E4BAD400AB2DC1 /* InfoPlist.strings in Resources */ = {isa = PBXBuildFile; fileRef = C9F48F9918E4BAD400AB2DC1 /* InfoPlist.strings */; };
		C9F48F9D18E4BAD400AB2DC1 /* main.m in Sources */ = {isa = PBXBuildFile; fileRef = C9F48F9C18E4BAD400AB2DC1 /* main.m */; };
		C9F48FA118E4BAD400AB2DC1 /* QSAppDelegate.m in Sources */ = {isa = PBXBuildFile; fileRef = C9F48FA018E4BAD400AB2DC1 /* QSAppDelegate.m */; };
		C9F48FA418E4BAD400AB2DC1 /* Main.storyboard in Resources */ = {isa = PBXBuildFile; fileRef = C9F48FA218E4BAD400AB2DC1 /* Main.storyboard */; };
		C9F48FA718E4BAD400AB2DC1 /* QSViewController.m in Sources */ = {isa = PBXBuildFile; fileRef = C9F48FA618E4BAD400AB2DC1 /* QSViewController.m */; };
		C9F48FA918E4BAD400AB2DC1 /* Images.xcassets in Resources */ = {isa = PBXBuildFile; fileRef = C9F48FA818E4BAD400AB2DC1 /* Images.xcassets */; };
		C9F48FC718E4BB3C00AB2DC1 /* DropboxSDK.framework in Frameworks */ = {isa = PBXBuildFile; fileRef = C9F48FC618E4BB3C00AB2DC1 /* DropboxSDK.framework */; };
		C9F48FCA18E4C6D000AB2DC1 /* QSSimpleLog.m in Sources */ = {isa = PBXBuildFile; fileRef = C9F48FC918E4C6D000AB2DC1 /* QSSimpleLog.m */; };
		C9F48FCD18E4D82800AB2DC1 /* QSUploadOperation.m in Sources */ = {isa = PBXBuildFile; fileRef = C9F48FCC18E4D82800AB2DC1 /* QSUploadOperation.m */; };
/* End PBXBuildFile section */

/* Begin PBXFileReference section */
		C9F48F8D18E4BAD400AB2DC1 /* QSLog.app */ = {isa = PBXFileReference; explicitFileType = wrapper.application; includeInIndex = 0; path = QSLog.app; sourceTree = BUILT_PRODUCTS_DIR; };
		C9F48F9018E4BAD400AB2DC1 /* Foundation.framework */ = {isa = PBXFileReference; lastKnownFileType = wrapper.framework; name = Foundation.framework; path = System/Library/Frameworks/Foundation.framework; sourceTree = SDKROOT; };
		C9F48F9218E4BAD400AB2DC1 /* CoreGraphics.framework */ = {isa = PBXFileReference; lastKnownFileType = wrapper.framework; name = CoreGraphics.framework; path = System/Library/Frameworks/CoreGraphics.framework; sourceTree = SDKROOT; };
		C9F48F9418E4BAD400AB2DC1 /* UIKit.framework */ = {isa = PBXFileReference; lastKnownFileType = wrapper.framework; name = UIKit.framework; path = System/Library/Frameworks/UIKit.framework; sourceTree = SDKROOT; };
		C9F48F9818E4BAD400AB2DC1 /* QSLog-Info.plist */ = {isa = PBXFileReference; lastKnownFileType = text.plist.xml; path = "QSLog-Info.plist"; sourceTree = "<group>"; };
		C9F48F9A18E4BAD400AB2DC1 /* en */ = {isa = PBXFileReference; lastKnownFileType = text.plist.strings; name = en; path = en.lproj/InfoPlist.strings; sourceTree = "<group>"; };
		C9F48F9C18E4BAD400AB2DC1 /* main.m */ = {isa = PBXFileReference; lastKnownFileType = sourcecode.c.objc; path = main.m; sourceTree = "<group>"; };
		C9F48F9E18E4BAD400AB2DC1 /* QSLog-Prefix.pch */ = {isa = PBXFileReference; lastKnownFileType = sourcecode.c.h; path = "QSLog-Prefix.pch"; sourceTree = "<group>"; };
		C9F48F9F18E4BAD400AB2DC1 /* QSAppDelegate.h */ = {isa = PBXFileReference; lastKnownFileType = sourcecode.c.h; path = QSAppDelegate.h; sourceTree = "<group>"; };
		C9F48FA018E4BAD400AB2DC1 /* QSAppDelegate.m */ = {isa = PBXFileReference; lastKnownFileType = sourcecode.c.objc; path = QSAppDelegate.m; sourceTree = "<group>"; };
		C9F48FA318E4BAD400AB2DC1 /* Base */ = {isa = PBXFileReference; lastKnownFileType = file.storyboard; name = Base; path = Base.lproj/Main.storyboard; sourceTree = "<group>"; };
		C9F48FA518E4BAD400AB2DC1 /* QSViewController.h */ = {isa = PBXFileReference; lastKnownFileType = sourcecode.c.h; path = QSViewController.h; sourceTree = "<group>"; };
		C9F48FA618E4BAD400AB2DC1 /* QSViewController.m */ = {isa = PBXFileReference; lastKnownFileType = sourcecode.c.objc; path = QSViewController.m; sourceTree = "<group>"; };
		C9F48FA818E4BAD400AB2DC1 /* Images.xcassets */ = {isa = PBXFileReference; lastKnownFileType = folder.assetcatalog; path = Images.xcassets; sourceTree = "<group>"; };
		C9F48FAF18E4BAD400AB2DC1 /* XCTest.framework */ = {isa = PBXFileReference; lastKnownFileType = wrapper.framework; name = XCTest.framework; path = Library/Frameworks/XCTest.framework; sourceTree = DEVELOPER_DIR; };
		C9F48FC618E4BB3C00AB2DC1 /* DropboxSDK.framework */ = {isa = PBXFileReference; lastKnownFileType = wrapper.framework; name = DropboxSDK.framework; path = QSLog/External/DropboxSDK.framework; sourceTree = "<group>"; };
		C9F48FC818E4C6D000AB2DC1 /* QSSimpleLog.h */ = {isa = PBXFileReference; fileEncoding = 4; lastKnownFileType = sourcecode.c.h; path = QSSimpleLog.h; sourceTree = "<group>"; };
		C9F48FC918E4C6D000AB2DC1 /* QSSimpleLog.m */ = {isa = PBXFileReference; fileEncoding = 4; lastKnownFileType = sourcecode.c.objc; path = QSSimpleLog.m; sourceTree = "<group>"; };
		C9F48FCB18E4D82800AB2DC1 /* QSUploadOperation.h */ = {isa = PBXFileReference; fileEncoding = 4; lastKnownFileType = sourcecode.c.h; path = QSUploadOperation.h; sourceTree = "<group>"; };
		C9F48FCC18E4D82800AB2DC1 /* QSUploadOperation.m */ = {isa = PBXFileReference; fileEncoding = 4; lastKnownFileType = sourcecode.c.objc; path = QSUploadOperation.m; sourceTree = "<group>"; };
/* End PBXFileReference section */

/* Begin PBXFrameworksBuildPhase section */
		C9F48F8A18E4BAD400AB2DC1 /* Frameworks */ = {
			isa = PBXFrameworksBuildPhase;
			buildActionMask = 2147483647;
			files = (
				C9F48FC718E4BB3C00AB2DC1 /* DropboxSDK.framework in Frameworks */,
				C9F48F9318E4BAD400AB2DC1 /* CoreGraphics.framework in Frameworks */,
				C9F48F9518E4BAD400AB2DC1 /* UIKit.framework in Frameworks */,
				C9F48F9118E4BAD400AB2DC1 /* Foundation.framework in Frameworks */,
			);
			runOnlyForDeploymentPostprocessing = 0;
		};
/* End PBXFrameworksBuildPhase section */

/* Begin PBXGroup section */
		C9F48F8418E4BAD400AB2DC1 = {
			isa = PBXGroup;
			children = (
				C9F48F9618E4BAD400AB2DC1 /* QSLog */,
				C9F48FC518E4BB1800AB2DC1 /* External */,
				C9F48F8F18E4BAD400AB2DC1 /* Frameworks */,
				C9F48F8E18E4BAD400AB2DC1 /* Products */,
			);
			sourceTree = "<group>";
		};
		C9F48F8E18E4BAD400AB2DC1 /* Products */ = {
			isa = PBXGroup;
			children = (
				C9F48F8D18E4BAD400AB2DC1 /* QSLog.app */,
			);
			name = Products;
			sourceTree = "<group>";
		};
		C9F48F8F18E4BAD400AB2DC1 /* Frameworks */ = {
			isa = PBXGroup;
			children = (
				C9F48F9018E4BAD400AB2DC1 /* Foundation.framework */,
				C9F48F9218E4BAD400AB2DC1 /* CoreGraphics.framework */,
				C9F48F9418E4BAD400AB2DC1 /* UIKit.framework */,
				C9F48FAF18E4BAD400AB2DC1 /* XCTest.framework */,
			);
			name = Frameworks;
			sourceTree = "<group>";
		};
		C9F48F9618E4BAD400AB2DC1 /* QSLog */ = {
			isa = PBXGroup;
			children = (
				C9F48F9F18E4BAD400AB2DC1 /* QSAppDelegate.h */,
				C9F48FA018E4BAD400AB2DC1 /* QSAppDelegate.m */,
				C9F48FC818E4C6D000AB2DC1 /* QSSimpleLog.h */,
				C9F48FC918E4C6D000AB2DC1 /* QSSimpleLog.m */,
				C9F48FCB18E4D82800AB2DC1 /* QSUploadOperation.h */,
				C9F48FCC18E4D82800AB2DC1 /* QSUploadOperation.m */,
				C9F48FA518E4BAD400AB2DC1 /* QSViewController.h */,
				C9F48FA618E4BAD400AB2DC1 /* QSViewController.m */,
				C9F48FA218E4BAD400AB2DC1 /* Main.storyboard */,
				C9F48FA818E4BAD400AB2DC1 /* Images.xcassets */,
				C9F48F9718E4BAD400AB2DC1 /* Supporting Files */,
			);
			path = QSLog;
			sourceTree = "<group>";
		};
		C9F48F9718E4BAD400AB2DC1 /* Supporting Files */ = {
			isa = PBXGroup;
			children = (
				C9F48F9818E4BAD400AB2DC1 /* QSLog-Info.plist */,
				C9F48F9918E4BAD400AB2DC1 /* InfoPlist.strings */,
				C9F48F9C18E4BAD400AB2DC1 /* main.m */,
				C9F48F9E18E4BAD400AB2DC1 /* QSLog-Prefix.pch */,
			);
			name = "Supporting Files";
			sourceTree = "<group>";
		};
		C9F48FC518E4BB1800AB2DC1 /* External */ = {
			isa = PBXGroup;
			children = (
				C9F48FC618E4BB3C00AB2DC1 /* DropboxSDK.framework */,
			);
			name = External;
			sourceTree = "<group>";
		};
/* End PBXGroup section */

/* Begin PBXNativeTarget section */
		C9F48F8C18E4BAD400AB2DC1 /* QSLog */ = {
			isa = PBXNativeTarget;
			buildConfigurationList = C9F48FBF18E4BAD400AB2DC1 /* Build configuration list for PBXNativeTarget "QSLog" */;
			buildPhases = (
				C9F48F8918E4BAD400AB2DC1 /* Sources */,
				C9F48F8A18E4BAD400AB2DC1 /* Frameworks */,
				C9F48F8B18E4BAD400AB2DC1 /* Resources */,
			);
			buildRules = (
			);
			dependencies = (
			);
			name = QSLog;
			productName = QSLog;
			productReference = C9F48F8D18E4BAD400AB2DC1 /* QSLog.app */;
			productType = "com.apple.product-type.application";
		};
/* End PBXNativeTarget section */

/* Begin PBXProject section */
		C9F48F8518E4BAD400AB2DC1 /* Project object */ = {
			isa = PBXProject;
			attributes = {
				CLASSPREFIX = QS;
				LastUpgradeCheck = 0510;
				ORGANIZATIONNAME = "Quiet Spark";
			};
			buildConfigurationList = C9F48F8818E4BAD400AB2DC1 /* Build configuration list for PBXProject "QSLog" */;
			compatibilityVersion = "Xcode 3.2";
			developmentRegion = English;
			hasScannedForEncodings = 0;
			knownRegions = (
				en,
				Base,
			);
			mainGroup = C9F48F8418E4BAD400AB2DC1;
			productRefGroup = C9F48F8E18E4BAD400AB2DC1 /* Products */;
			projectDirPath = "";
			projectRoot = "";
			targets = (
				C9F48F8C18E4BAD400AB2DC1 /* QSLog */,
			);
		};
/* End PBXProject section */

/* Begin PBXResourcesBuildPhase section */
		C9F48F8B18E4BAD400AB2DC1 /* Resources */ = {
			isa = PBXResourcesBuildPhase;
			buildActionMask = 2147483647;
			files = (
				C9F48FA918E4BAD400AB2DC1 /* Images.xcassets in Resources */,
				C9F48F9B18E4BAD400AB2DC1 /* InfoPlist.strings in Resources */,
				C9F48FA418E4BAD400AB2DC1 /* Main.storyboard in Resources */,
			);
			runOnlyForDeploymentPostprocessing = 0;
		};
/* End PBXResourcesBuildPhase section */

/* Begin PBXSourcesBuildPhase section */
		C9F48F8918E4BAD400AB2DC1 /* Sources */ = {
			isa = PBXSourcesBuildPhase;
			buildActionMask = 2147483647;
			files = (
				C9F48FCA18E4C6D000AB2DC1 /* QSSimpleLog.m in Sources */,
				C9F48FA718E4BAD400AB2DC1 /* QSViewController.m in Sources */,
				C9F48FCD18E4D82800AB2DC1 /* QSUploadOperation.m in Sources */,
				C9F48FA118E4BAD400AB2DC1 /* QSAppDelegate.m in Sources */,
				C9F48F9D18E4BAD400AB2DC1 /* main.m in Sources */,
			);
			runOnlyForDeploymentPostprocessing = 0;
		};
/* End PBXSourcesBuildPhase section */

/* Begin PBXVariantGroup section */
		C9F48F9918E4BAD400AB2DC1 /* InfoPlist.strings */ = {
			isa = PBXVariantGroup;
			children = (
				C9F48F9A18E4BAD400AB2DC1 /* en */,
			);
			name = InfoPlist.strings;
			sourceTree = "<group>";
		};
		C9F48FA218E4BAD400AB2DC1 /* Main.storyboard */ = {
			isa = PBXVariantGroup;
			children = (
				C9F48FA318E4BAD400AB2DC1 /* Base */,
			);
			name = Main.storyboard;
			sourceTree = "<group>";
		};
/* End PBXVariantGroup section */

/* Begin XCBuildConfiguration section */
		C9F48FBD18E4BAD400AB2DC1 /* Debug */ = {
			isa = XCBuildConfiguration;
			buildSettings = {
				ALWAYS_SEARCH_USER_PATHS = NO;
				CLANG_CXX_LANGUAGE_STANDARD = "gnu++0x";
				CLANG_CXX_LIBRARY = "libc++";
				CLANG_ENABLE_MODULES = YES;
				CLANG_ENABLE_OBJC_ARC = YES;
				CLANG_WARN_BOOL_CONVERSION = YES;
				CLANG_WARN_CONSTANT_CONVERSION = YES;
				CLANG_WARN_DIRECT_OBJC_ISA_USAGE = YES_ERROR;
				CLANG_WARN_EMPTY_BODY = YES;
				CLANG_WARN_ENUM_CONVERSION = YES;
				CLANG_WARN_INT_CONVERSION = YES;
				CLANG_WARN_OBJC_ROOT_CLASS = YES_ERROR;
				CLANG_WARN__DUPLICATE_METHOD_MATCH = YES;
				"CODE_SIGN_IDENTITY[sdk=iphoneos*]" = "iPhone Developer";
				COPY_PHASE_STRIP = NO;
				GCC_C_LANGUAGE_STANDARD = gnu99;
				GCC_DYNAMIC_NO_PIC = NO;
				GCC_OPTIMIZATION_LEVEL = 0;
				GCC_PREPROCESSOR_DEFINITIONS = (
					"DEBUG=1",
					"$(inherited)",
				);
				GCC_SYMBOLS_PRIVATE_EXTERN = NO;
				GCC_WARN_64_TO_32_BIT_CONVERSION = YES;
				GCC_WARN_ABOUT_RETURN_TYPE = YES_ERROR;
				GCC_WARN_UNDECLARED_SELECTOR = YES;
				GCC_WARN_UNINITIALIZED_AUTOS = YES_AGGRESSIVE;
				GCC_WARN_UNUSED_FUNCTION = YES;
				GCC_WARN_UNUSED_VARIABLE = YES;
				IPHONEOS_DEPLOYMENT_TARGET = 7.1;
				ONLY_ACTIVE_ARCH = YES;
				SDKROOT = iphoneos;
			};
			name = Debug;
		};
		C9F48FBE18E4BAD400AB2DC1 /* Release */ = {
			isa = XCBuildConfiguration;
			buildSettings = {
				ALWAYS_SEARCH_USER_PATHS = NO;
				CLANG_CXX_LANGUAGE_STANDARD = "gnu++0x";
				CLANG_CXX_LIBRARY = "libc++";
				CLANG_ENABLE_MODULES = YES;
				CLANG_ENABLE_OBJC_ARC = YES;
				CLANG_WARN_BOOL_CONVERSION = YES;
				CLANG_WARN_CONSTANT_CONVERSION = YES;
				CLANG_WARN_DIRECT_OBJC_ISA_USAGE = YES_ERROR;
				CLANG_WARN_EMPTY_BODY = YES;
				CLANG_WARN_ENUM_CONVERSION = YES;
				CLANG_WARN_INT_CONVERSION = YES;
				CLANG_WARN_OBJC_ROOT_CLASS = YES_ERROR;
				CLANG_WARN__DUPLICATE_METHOD_MATCH = YES;
				"CODE_SIGN_IDENTITY[sdk=iphoneos*]" = "iPhone Developer";
				COPY_PHASE_STRIP = YES;
				ENABLE_NS_ASSERTIONS = NO;
				GCC_C_LANGUAGE_STANDARD = gnu99;
				GCC_WARN_64_TO_32_BIT_CONVERSION = YES;
				GCC_WARN_ABOUT_RETURN_TYPE = YES_ERROR;
				GCC_WARN_UNDECLARED_SELECTOR = YES;
				GCC_WARN_UNINITIALIZED_AUTOS = YES_AGGRESSIVE;
				GCC_WARN_UNUSED_FUNCTION = YES;
				GCC_WARN_UNUSED_VARIABLE = YES;
				IPHONEOS_DEPLOYMENT_TARGET = 7.1;
				SDKROOT = iphoneos;
				VALIDATE_PRODUCT = YES;
			};
			name = Release;
		};
		C9F48FC018E4BAD400AB2DC1 /* Debug */ = {
			isa = XCBuildConfiguration;
			buildSettings = {
				ASSETCATALOG_COMPILER_APPICON_NAME = AppIcon;
				ASSETCATALOG_COMPILER_LAUNCHIMAGE_NAME = LaunchImage;
				FRAMEWORK_SEARCH_PATHS = (
					"$(inherited)",
					"$(PROJECT_DIR)/QSLog/External",
				);
				GCC_PRECOMPILE_PREFIX_HEADER = YES;
				GCC_PREFIX_HEADER = "QSLog/QSLog-Prefix.pch";
				INFOPLIST_FILE = "QSLog/QSLog-Info.plist";
				PRODUCT_NAME = "$(TARGET_NAME)";
				WRAPPER_EXTENSION = app;
			};
			name = Debug;
		};
		C9F48FC118E4BAD400AB2DC1 /* Release */ = {
			isa = XCBuildConfiguration;
			buildSettings = {
				ASSETCATALOG_COMPILER_APPICON_NAME = AppIcon;
				ASSETCATALOG_COMPILER_LAUNCHIMAGE_NAME = LaunchImage;
				FRAMEWORK_SEARCH_PATHS = (
					"$(inherited)",
					"$(PROJECT_DIR)/QSLog/External",
				);
				GCC_PRECOMPILE_PREFIX_HEADER = YES;
				GCC_PREFIX_HEADER = "QSLog/QSLog-Prefix.pch";
				INFOPLIST_FILE = "QSLog/QSLog-Info.plist";
				PRODUCT_NAME = "$(TARGET_NAME)";
				WRAPPER_EXTENSION = app;
			};
			name = Release;
		};
/* End XCBuildConfiguration section */

/* Begin XCConfigurationList section */
		C9F48F8818E4BAD400AB2DC1 /* Build configuration list for PBXProject "QSLog" */ = {
			isa = XCConfigurationList;
			buildConfigurations = (
				C9F48FBD18E4BAD400AB2DC1 /* Debug */,
				C9F48FBE18E4BAD400AB2DC1 /* Release */,
			);
			defaultConfigurationIsVisible = 0;
			defaultConfigurationName = Release;
		};
		C9F48FBF18E4BAD400AB2DC1 /* Build configuration list for PBXNativeTarget "QSLog" */ = {
			isa = XCConfigurationList;
			buildConfigurations = (
				C9F48FC018E4BAD400AB2DC1 /* Debug */,
				C9F48FC118E4BAD400AB2DC1 /* Release */,
			);
			defaultConfigurationIsVisible = 0;
			defaultConfigurationName = Release;
		};
/* End XCConfigurationList section */
	};
	rootObject = C9F48F8518E4BAD400AB2DC1 /* Project object */;
}
